// !$*UTF8*$!
{
	archiveVersion = 1;
	classes = {
	};
	objectVersion = 46;
	objects = {

/* Begin PBXBuildFile section */
		D66ADB741E75D0E800470E4A /* document_parser.cpp in Sources */ = {isa = PBXBuildFile; fileRef = D66ADB721E75D0E800470E4A /* document_parser.cpp */; };
		D67380F91E6724850085525C /* main.cpp in Sources */ = {isa = PBXBuildFile; fileRef = D67380F81E6724850085525C /* main.cpp */; };
		D6B630E51F5DBE8200099022 /* libcrypto.1.0.0.dylib in Frameworks */ = {isa = PBXBuildFile; fileRef = D6B630E31F5DBE8200099022 /* libcrypto.1.0.0.dylib */; };
		D6B630E61F5DBE8200099022 /* libssl.1.0.0.dylib in Frameworks */ = {isa = PBXBuildFile; fileRef = D6B630E41F5DBE8200099022 /* libssl.1.0.0.dylib */; };
		D6B630EA1F5DBEC500099022 /* libinfegy.a in Frameworks */ = {isa = PBXBuildFile; fileRef = D6B630E91F5DBEC500099022 /* libinfegy.a */; };
/* End PBXBuildFile section */

/* Begin PBXCopyFilesBuildPhase section */
		D67380F31E6724850085525C /* CopyFiles */ = {
			isa = PBXCopyFilesBuildPhase;
			buildActionMask = 2147483647;
			dstPath = /usr/share/man/man1/;
			dstSubfolderSpec = 0;
			files = (
			);
			runOnlyForDeploymentPostprocessing = 1;
		};
/* End PBXCopyFilesBuildPhase section */

/* Begin PBXFileReference section */
		D66ADB721E75D0E800470E4A /* document_parser.cpp */ = {isa = PBXFileReference; fileEncoding = 4; lastKnownFileType = sourcecode.cpp.cpp; path = document_parser.cpp; sourceTree = "<group>"; };
		D66ADB731E75D0E800470E4A /* document_parser.h */ = {isa = PBXFileReference; fileEncoding = 4; lastKnownFileType = sourcecode.c.h; path = document_parser.h; sourceTree = "<group>"; };
		D67380F51E6724850085525C /* document_parser */ = {isa = PBXFileReference; explicitFileType = "compiled.mach-o.executable"; includeInIndex = 0; path = document_parser; sourceTree = BUILT_PRODUCTS_DIR; };
		D67380F81E6724850085525C /* main.cpp */ = {isa = PBXFileReference; lastKnownFileType = sourcecode.cpp.cpp; path = main.cpp; sourceTree = "<group>"; };
		D6B630E31F5DBE8200099022 /* libcrypto.1.0.0.dylib */ = {isa = PBXFileReference; lastKnownFileType = "compiled.mach-o.dylib"; name = libcrypto.1.0.0.dylib; path = ../../../../usr/local/Cellar/openssl/1.0.2l/lib/libcrypto.1.0.0.dylib; sourceTree = "<group>"; };
		D6B630E41F5DBE8200099022 /* libssl.1.0.0.dylib */ = {isa = PBXFileReference; lastKnownFileType = "compiled.mach-o.dylib"; name = libssl.1.0.0.dylib; path = ../../../../usr/local/Cellar/openssl/1.0.2l/lib/libssl.1.0.0.dylib; sourceTree = "<group>"; };
		D6B630E91F5DBEC500099022 /* libinfegy.a */ = {isa = PBXFileReference; lastKnownFileType = archive.ar; name = libinfegy.a; path = ../libinfegy/build/libinfegy.a; sourceTree = "<group>"; };
/* End PBXFileReference section */

/* Begin PBXFrameworksBuildPhase section */
		D67380F21E6724850085525C /* Frameworks */ = {
			isa = PBXFrameworksBuildPhase;
			buildActionMask = 2147483647;
			files = (
				D6B630EA1F5DBEC500099022 /* libinfegy.a in Frameworks */,
				D6B630E51F5DBE8200099022 /* libcrypto.1.0.0.dylib in Frameworks */,
				D6B630E61F5DBE8200099022 /* libssl.1.0.0.dylib in Frameworks */,
			);
			runOnlyForDeploymentPostprocessing = 0;
		};
/* End PBXFrameworksBuildPhase section */

/* Begin PBXGroup section */
		D67380EC1E6724850085525C = {
			isa = PBXGroup;
			children = (
				D67380F71E6724850085525C /* document_parser */,
				D67380F61E6724850085525C /* Products */,
				D6B630E21F5DBE8100099022 /* Frameworks */,
			);
			sourceTree = "<group>";
		};
		D67380F61E6724850085525C /* Products */ = {
			isa = PBXGroup;
			children = (
				D67380F51E6724850085525C /* document_parser */,
			);
			name = Products;
			sourceTree = "<group>";
		};
		D67380F71E6724850085525C /* document_parser */ = {
			isa = PBXGroup;
			children = (
				D67380F81E6724850085525C /* main.cpp */,
				D66ADB721E75D0E800470E4A /* document_parser.cpp */,
				D66ADB731E75D0E800470E4A /* document_parser.h */,
			);
			path = document_parser;
			sourceTree = "<group>";
		};
		D6B630E21F5DBE8100099022 /* Frameworks */ = {
			isa = PBXGroup;
			children = (
				D6B630E91F5DBEC500099022 /* libinfegy.a */,
				D6B630E31F5DBE8200099022 /* libcrypto.1.0.0.dylib */,
				D6B630E41F5DBE8200099022 /* libssl.1.0.0.dylib */,
			);
			name = Frameworks;
			sourceTree = "<group>";
		};
/* End PBXGroup section */

/* Begin PBXNativeTarget section */
		D67380F41E6724850085525C /* document_parser */ = {
			isa = PBXNativeTarget;
			buildConfigurationList = D67380FC1E6724850085525C /* Build configuration list for PBXNativeTarget "document_parser" */;
			buildPhases = (
				D67380F11E6724850085525C /* Sources */,
				D67380F21E6724850085525C /* Frameworks */,
				D67380F31E6724850085525C /* CopyFiles */,
			);
			buildRules = (
			);
			dependencies = (
			);
			name = document_parser;
			productName = document_parser;
			productReference = D67380F51E6724850085525C /* document_parser */;
			productType = "com.apple.product-type.tool";
		};
/* End PBXNativeTarget section */

/* Begin PBXProject section */
		D67380ED1E6724850085525C /* Project object */ = {
			isa = PBXProject;
			attributes = {
				LastUpgradeCheck = 0820;
				ORGANIZATIONNAME = Infegy;
				TargetAttributes = {
					D67380F41E6724850085525C = {
						CreatedOnToolsVersion = 8.2;
						ProvisioningStyle = Automatic;
					};
				};
			};
			buildConfigurationList = D67380F01E6724850085525C /* Build configuration list for PBXProject "document_parser" */;
			compatibilityVersion = "Xcode 3.2";
			developmentRegion = English;
			hasScannedForEncodings = 0;
			knownRegions = (
				en,
			);
			mainGroup = D67380EC1E6724850085525C;
			productRefGroup = D67380F61E6724850085525C /* Products */;
			projectDirPath = "";
			projectRoot = "";
			targets = (
				D67380F41E6724850085525C /* document_parser */,
			);
		};
/* End PBXProject section */

/* Begin PBXSourcesBuildPhase section */
		D67380F11E6724850085525C /* Sources */ = {
			isa = PBXSourcesBuildPhase;
			buildActionMask = 2147483647;
			files = (
				D67380F91E6724850085525C /* main.cpp in Sources */,
				D66ADB741E75D0E800470E4A /* document_parser.cpp in Sources */,
			);
			runOnlyForDeploymentPostprocessing = 0;
		};
/* End PBXSourcesBuildPhase section */

/* Begin XCBuildConfiguration section */
		D67380FA1E6724850085525C /* Debug */ = {
			isa = XCBuildConfiguration;
			buildSettings = {
				ALWAYS_SEARCH_USER_PATHS = NO;
				CLANG_ANALYZER_NONNULL = YES;
				CLANG_CXX_LANGUAGE_STANDARD = "gnu++0x";
				CLANG_CXX_LIBRARY = "libc++";
				CLANG_ENABLE_MODULES = YES;
				CLANG_ENABLE_OBJC_ARC = YES;
				CLANG_WARN_BOOL_CONVERSION = YES;
				CLANG_WARN_CONSTANT_CONVERSION = YES;
				CLANG_WARN_DIRECT_OBJC_ISA_USAGE = YES_ERROR;
				CLANG_WARN_DOCUMENTATION_COMMENTS = YES;
				CLANG_WARN_EMPTY_BODY = YES;
				CLANG_WARN_ENUM_CONVERSION = YES;
				CLANG_WARN_INFINITE_RECURSION = YES;
				CLANG_WARN_INT_CONVERSION = YES;
				CLANG_WARN_OBJC_ROOT_CLASS = YES_ERROR;
				CLANG_WARN_SUSPICIOUS_MOVE = YES;
				CLANG_WARN_UNREACHABLE_CODE = YES;
				CLANG_WARN__DUPLICATE_METHOD_MATCH = YES;
				CODE_SIGN_IDENTITY = "-";
				COPY_PHASE_STRIP = NO;
				DEBUG_INFORMATION_FORMAT = dwarf;
				ENABLE_STRICT_OBJC_MSGSEND = YES;
				ENABLE_TESTABILITY = YES;
				GCC_C_LANGUAGE_STANDARD = gnu99;
				GCC_DYNAMIC_NO_PIC = NO;
				GCC_NO_COMMON_BLOCKS = YES;
				GCC_OPTIMIZATION_LEVEL = 0;
				GCC_PREPROCESSOR_DEFINITIONS = (
					"DEBUG=1",
					"$(inherited)",
				);
				GCC_WARN_64_TO_32_BIT_CONVERSION = YES;
				GCC_WARN_ABOUT_RETURN_TYPE = YES_ERROR;
				GCC_WARN_UNDECLARED_SELECTOR = YES;
				GCC_WARN_UNINITIALIZED_AUTOS = YES_AGGRESSIVE;
				GCC_WARN_UNUSED_FUNCTION = YES;
				GCC_WARN_UNUSED_VARIABLE = YES;
				MACOSX_DEPLOYMENT_TARGET = 10.12;
				MTL_ENABLE_DEBUG_INFO = YES;
				ONLY_ACTIVE_ARCH = YES;
				SDKROOT = macosx;
			};
			name = Debug;
		};
		D67380FB1E6724850085525C /* Release */ = {
			isa = XCBuildConfiguration;
			buildSettings = {
				ALWAYS_SEARCH_USER_PATHS = NO;
				CLANG_ANALYZER_NONNULL = YES;
				CLANG_CXX_LANGUAGE_STANDARD = "gnu++0x";
				CLANG_CXX_LIBRARY = "libc++";
				CLANG_ENABLE_MODULES = YES;
				CLANG_ENABLE_OBJC_ARC = YES;
				CLANG_WARN_BOOL_CONVERSION = YES;
				CLANG_WARN_CONSTANT_CONVERSION = YES;
				CLANG_WARN_DIRECT_OBJC_ISA_USAGE = YES_ERROR;
				CLANG_WARN_DOCUMENTATION_COMMENTS = YES;
				CLANG_WARN_EMPTY_BODY = YES;
				CLANG_WARN_ENUM_CONVERSION = YES;
				CLANG_WARN_INFINITE_RECURSION = YES;
				CLANG_WARN_INT_CONVERSION = YES;
				CLANG_WARN_OBJC_ROOT_CLASS = YES_ERROR;
				CLANG_WARN_SUSPICIOUS_MOVE = YES;
				CLANG_WARN_UNREACHABLE_CODE = YES;
				CLANG_WARN__DUPLICATE_METHOD_MATCH = YES;
				CODE_SIGN_IDENTITY = "-";
				COPY_PHASE_STRIP = NO;
				DEBUG_INFORMATION_FORMAT = "dwarf-with-dsym";
				ENABLE_NS_ASSERTIONS = NO;
				ENABLE_STRICT_OBJC_MSGSEND = YES;
				GCC_C_LANGUAGE_STANDARD = gnu99;
				GCC_NO_COMMON_BLOCKS = YES;
				GCC_WARN_64_TO_32_BIT_CONVERSION = YES;
				GCC_WARN_ABOUT_RETURN_TYPE = YES_ERROR;
				GCC_WARN_UNDECLARED_SELECTOR = YES;
				GCC_WARN_UNINITIALIZED_AUTOS = YES_AGGRESSIVE;
				GCC_WARN_UNUSED_FUNCTION = YES;
				GCC_WARN_UNUSED_VARIABLE = YES;
				MACOSX_DEPLOYMENT_TARGET = 10.12;
				MTL_ENABLE_DEBUG_INFO = NO;
				SDKROOT = macosx;
			};
			name = Release;
		};
		D67380FD1E6724850085525C /* Debug */ = {
			isa = XCBuildConfiguration;
			buildSettings = {
				HEADER_SEARCH_PATHS = /usr/local/include;
				LIBRARY_SEARCH_PATHS = (
					"$(inherited)",
					/usr/local/Cellar/openssl/1.0.2l/lib,
				);
				PRODUCT_NAME = "$(TARGET_NAME)";
			};
			name = Debug;
		};
		D67380FE1E6724850085525C /* Release */ = {
			isa = XCBuildConfiguration;
			buildSettings = {
				HEADER_SEARCH_PATHS = /usr/local/include;
				LIBRARY_SEARCH_PATHS = (
					"$(inherited)",
					/usr/local/Cellar/openssl/1.0.2l/lib,
				);
				PRODUCT_NAME = "$(TARGET_NAME)";
			};
			name = Release;
		};
/* End XCBuildConfiguration section */

/* Begin XCConfigurationList section */
		D67380F01E6724850085525C /* Build configuration list for PBXProject "document_parser" */ = {
			isa = XCConfigurationList;
			buildConfigurations = (
				D67380FA1E6724850085525C /* Debug */,
				D67380FB1E6724850085525C /* Release */,
			);
			defaultConfigurationIsVisible = 0;
			defaultConfigurationName = Release;
		};
		D67380FC1E6724850085525C /* Build configuration list for PBXNativeTarget "document_parser" */ = {
			isa = XCConfigurationList;
			buildConfigurations = (
				D67380FD1E6724850085525C /* Debug */,
				D67380FE1E6724850085525C /* Release */,
			);
			defaultConfigurationIsVisible = 0;
			defaultConfigurationName = Release;
		};
/* End XCConfigurationList section */
	};
	rootObject = D67380ED1E6724850085525C /* Project object */;
}
